{
    "_readme": [
        "This file locks the dependencies of your project to a known state",
        "Read more about it at https://getcomposer.org/doc/01-basic-usage.md#installing-dependencies",
        "This file is @generated automatically"
    ],
    "content-hash": "834adde9bfb84697fa1740a5f431cb96",
    "packages": [
        {
            "name": "pear/text_languagedetect",
            "version": "v1.0.0",
            "source": {
                "type": "git",
                "url": "https://github.com/pear/Text_LanguageDetect.git",
                "reference": "bb9ff6f4970f686fac59081e916b456021fe7ba6"
            },
            "dist": {
                "type": "zip",
                "url": "https://api.github.com/repos/pear/Text_LanguageDetect/zipball/bb9ff6f4970f686fac59081e916b456021fe7ba6",
                "reference": "bb9ff6f4970f686fac59081e916b456021fe7ba6",
                "shasum": ""
            },
            "require-dev": {
                "phpunit/phpunit": "*"
            },
            "suggest": {
                "ext-mbstring": "May require the mbstring PHP extension"
            },
            "type": "library",
            "autoload": {
                "psr-0": {
                    "Text": "./"
                }
            },
            "notification-url": "https://packagist.org/downloads/",
            "include-path": [
                "./"
            ],
            "license": [
                "BSD-2-Clause"
            ],
            "authors": [
                {
                    "name": "Nicholas Pisarro",
                    "email": "taak@php.net",
                    "role": "Lead"
                }
            ],
            "description": "Identify human languages from text samples",
            "homepage": "http://pear.php.net/package/Text_LanguageDetect",
            "time": "2017-03-02T16:14:08+00:00"
        }
    ],
    "packages-dev": [],
    "aliases": [],
    "minimum-stability": "stable",
    "stability-flags": [],
    "prefer-stable": false,
    "prefer-lowest": false,
    "platform": [],
    "platform-dev": [],
    "plugin-api-version": "1.1.0"
}
